// !$*UTF8*$!
{
	archiveVersion = 1;
	classes = {
	};
	objectVersion = 50;
	objects = {

/* Begin PBXBuildFile section */
		9FBA2BD72584A03300295739 /* AppDelegate.swift in Sources */ = {isa = PBXBuildFile; fileRef = 9FBA2BD62584A03300295739 /* AppDelegate.swift */; };
		9FBA2BD92584A03300295739 /* SceneDelegate.swift in Sources */ = {isa = PBXBuildFile; fileRef = 9FBA2BD82584A03300295739 /* SceneDelegate.swift */; };
		9FBA2BDB2584A03300295739 /* ViewController.swift in Sources */ = {isa = PBXBuildFile; fileRef = 9FBA2BDA2584A03300295739 /* ViewController.swift */; };
		9FBA2BDE2584A03300295739 /* Main.storyboard in Resources */ = {isa = PBXBuildFile; fileRef = 9FBA2BDC2584A03300295739 /* Main.storyboard */; };
		9FBA2BE02584A03300295739 /* Assets.xcassets in Resources */ = {isa = PBXBuildFile; fileRef = 9FBA2BDF2584A03300295739 /* Assets.xcassets */; };
		9FBA2BE32584A03300295739 /* LaunchScreen.storyboard in Resources */ = {isa = PBXBuildFile; fileRef = 9FBA2BE12584A03300295739 /* LaunchScreen.storyboard */; };
		9FBA2BEC2584A0ED00295739 /* DetailViewController.swift in Sources */ = {isa = PBXBuildFile; fileRef = 9FBA2BEB2584A0ED00295739 /* DetailViewController.swift */; };
/* End PBXBuildFile section */

/* Begin PBXFileReference section */
		9FBA2BD32584A03300295739 /* WKWebView With UIToolbar and UIActivityIndicatorView.app */ = {isa = PBXFileReference; explicitFileType = wrapper.application; includeInIndex = 0; path = "WKWebView With UIToolbar and UIActivityIndicatorView.app"; sourceTree = BUILT_PRODUCTS_DIR; };
		9FBA2BD62584A03300295739 /* AppDelegate.swift */ = {isa = PBXFileReference; lastKnownFileType = sourcecode.swift; path = AppDelegate.swift; sourceTree = "<group>"; };
		9FBA2BD82584A03300295739 /* SceneDelegate.swift */ = {isa = PBXFileReference; lastKnownFileType = sourcecode.swift; path = SceneDelegate.swift; sourceTree = "<group>"; };
		9FBA2BDA2584A03300295739 /* ViewController.swift */ = {isa = PBXFileReference; lastKnownFileType = sourcecode.swift; path = ViewController.swift; sourceTree = "<group>"; };
		9FBA2BDD2584A03300295739 /* Base */ = {isa = PBXFileReference; lastKnownFileType = file.storyboard; name = Base; path = Base.lproj/Main.storyboard; sourceTree = "<group>"; };
		9FBA2BDF2584A03300295739 /* Assets.xcassets */ = {isa = PBXFileReference; lastKnownFileType = folder.assetcatalog; path = Assets.xcassets; sourceTree = "<group>"; };
		9FBA2BE22584A03300295739 /* Base */ = {isa = PBXFileReference; lastKnownFileType = file.storyboard; name = Base; path = Base.lproj/LaunchScreen.storyboard; sourceTree = "<group>"; };
		9FBA2BE42584A03300295739 /* Info.plist */ = {isa = PBXFileReference; lastKnownFileType = text.plist.xml; path = Info.plist; sourceTree = "<group>"; };
		9FBA2BEB2584A0ED00295739 /* DetailViewController.swift */ = {isa = PBXFileReference; lastKnownFileType = sourcecode.swift; path = DetailViewController.swift; sourceTree = "<group>"; };
/* End PBXFileReference section */

/* Begin PBXFrameworksBuildPhase section */
		9FBA2BD02584A03300295739 /* Frameworks */ = {
			isa = PBXFrameworksBuildPhase;
			buildActionMask = 2147483647;
			files = (
			);
			runOnlyForDeploymentPostprocessing = 0;
		};
/* End PBXFrameworksBuildPhase section */

/* Begin PBXGroup section */
		9FBA2BCA2584A03200295739 = {
			isa = PBXGroup;
			children = (
				9FBA2BD52584A03300295739 /* WKWebView With UIToolbar and UIActivityIndicatorView */,
				9FBA2BD42584A03300295739 /* Products */,
			);
			sourceTree = "<group>";
		};
		9FBA2BD42584A03300295739 /* Products */ = {
			isa = PBXGroup;
			children = (
				9FBA2BD32584A03300295739 /* WKWebView With UIToolbar and UIActivityIndicatorView.app */,
			);
			name = Products;
			sourceTree = "<group>";
		};
		9FBA2BD52584A03300295739 /* WKWebView With UIToolbar and UIActivityIndicatorView */ = {
			isa = PBXGroup;
			children = (
				9FBA2BD62584A03300295739 /* AppDelegate.swift */,
				9FBA2BD82584A03300295739 /* SceneDelegate.swift */,
				9FBA2BDA2584A03300295739 /* ViewController.swift */,
				9FBA2BDC2584A03300295739 /* Main.storyboard */,
				9FBA2BDF2584A03300295739 /* Assets.xcassets */,
				9FBA2BE12584A03300295739 /* LaunchScreen.storyboard */,
				9FBA2BE42584A03300295739 /* Info.plist */,
				9FBA2BEB2584A0ED00295739 /* DetailViewController.swift */,
			);
			path = "WKWebView With UIToolbar and UIActivityIndicatorView";
			sourceTree = "<group>";
		};
/* End PBXGroup section */

/* Begin PBXNativeTarget section */
		9FBA2BD22584A03300295739 /* WKWebView With UIToolbar and UIActivityIndicatorView */ = {
			isa = PBXNativeTarget;
			buildConfigurationList = 9FBA2BE72584A03300295739 /* Build configuration list for PBXNativeTarget "WKWebView With UIToolbar and UIActivityIndicatorView" */;
			buildPhases = (
				9FBA2BCF2584A03300295739 /* Sources */,
				9FBA2BD02584A03300295739 /* Frameworks */,
				9FBA2BD12584A03300295739 /* Resources */,
			);
			buildRules = (
			);
			dependencies = (
			);
			name = "WKWebView With UIToolbar and UIActivityIndicatorView";
			productName = "WKWebView With UIToolbar and UIActivityIndicatorView";
			productReference = 9FBA2BD32584A03300295739 /* WKWebView With UIToolbar and UIActivityIndicatorView.app */;
			productType = "com.apple.product-type.application";
		};
/* End PBXNativeTarget section */

/* Begin PBXProject section */
		9FBA2BCB2584A03200295739 /* Project object */ = {
			isa = PBXProject;
			attributes = {
				LastSwiftUpdateCheck = 1200;
				LastUpgradeCheck = 1200;
				TargetAttributes = {
					9FBA2BD22584A03300295739 = {
						CreatedOnToolsVersion = 12.0.1;
					};
				};
			};
			buildConfigurationList = 9FBA2BCE2584A03200295739 /* Build configuration list for PBXProject "WKWebView With UIToolbar and UIActivityIndicatorView" */;
			compatibilityVersion = "Xcode 9.3";
			developmentRegion = en;
			hasScannedForEncodings = 0;
			knownRegions = (
				en,
				Base,
			);
			mainGroup = 9FBA2BCA2584A03200295739;
			productRefGroup = 9FBA2BD42584A03300295739 /* Products */;
			projectDirPath = "";
			projectRoot = "";
			targets = (
				9FBA2BD22584A03300295739 /* WKWebView With UIToolbar and UIActivityIndicatorView */,
			);
		};
/* End PBXProject section */

/* Begin PBXResourcesBuildPhase section */
		9FBA2BD12584A03300295739 /* Resources */ = {
			isa = PBXResourcesBuildPhase;
			buildActionMask = 2147483647;
			files = (
				9FBA2BE32584A03300295739 /* LaunchScreen.storyboard in Resources */,
				9FBA2BE02584A03300295739 /* Assets.xcassets in Resources */,
				9FBA2BDE2584A03300295739 /* Main.storyboard in Resources */,
			);
			runOnlyForDeploymentPostprocessing = 0;
		};
/* End PBXResourcesBuildPhase section */

/* Begin PBXSourcesBuildPhase section */
		9FBA2BCF2584A03300295739 /* Sources */ = {
			isa = PBXSourcesBuildPhase;
			buildActionMask = 2147483647;
			files = (
				9FBA2BDB2584A03300295739 /* ViewController.swift in Sources */,
				9FBA2BD72584A03300295739 /* AppDelegate.swift in Sources */,
				9FBA2BD92584A03300295739 /* SceneDelegate.swift in Sources */,
				9FBA2BEC2584A0ED00295739 /* DetailViewController.swift in Sources */,
			);
			runOnlyForDeploymentPostprocessing = 0;
		};
/* End PBXSourcesBuildPhase section */

/* Begin PBXVariantGroup section */
		9FBA2BDC2584A03300295739 /* Main.storyboard */ = {
			isa = PBXVariantGroup;
			children = (
				9FBA2BDD2584A03300295739 /* Base */,
			);
			name = Main.storyboard;
			sourceTree = "<group>";
		};
		9FBA2BE12584A03300295739 /* LaunchScreen.storyboard */ = {
			isa = PBXVariantGroup;
			children = (
				9FBA2BE22584A03300295739 /* Base */,
			);
			name = LaunchScreen.storyboard;
			sourceTree = "<group>";
		};
/* End PBXVariantGroup section */

/* Begin XCBuildConfiguration section */
		9FBA2BE52584A03300295739 /* Debug */ = {
			isa = XCBuildConfiguration;
			buildSettings = {
				ALWAYS_SEARCH_USER_PATHS = NO;
				CLANG_ANALYZER_NONNULL = YES;
				CLANG_ANALYZER_NUMBER_OBJECT_CONVERSION = YES_AGGRESSIVE;
				CLANG_CXX_LANGUAGE_STANDARD = "gnu++14";
				CLANG_CXX_LIBRARY = "libc++";
				CLANG_ENABLE_MODULES = YES;
				CLANG_ENABLE_OBJC_ARC = YES;
				CLANG_ENABLE_OBJC_WEAK = YES;
				CLANG_WARN_BLOCK_CAPTURE_AUTORELEASING = YES;
				CLANG_WARN_BOOL_CONVERSION = YES;
				CLANG_WARN_COMMA = YES;
				CLANG_WARN_CONSTANT_CONVERSION = YES;
				CLANG_WARN_DEPRECATED_OBJC_IMPLEMENTATIONS = YES;
				CLANG_WARN_DIRECT_OBJC_ISA_USAGE = YES_ERROR;
				CLANG_WARN_DOCUMENTATION_COMMENTS = YES;
				CLANG_WARN_EMPTY_BODY = YES;
				CLANG_WARN_ENUM_CONVERSION = YES;
				CLANG_WARN_INFINITE_RECURSION = YES;
				CLANG_WARN_INT_CONVERSION = YES;
				CLANG_WARN_NON_LITERAL_NULL_CONVERSION = YES;
				CLANG_WARN_OBJC_IMPLICIT_RETAIN_SELF = YES;
				CLANG_WARN_OBJC_LITERAL_CONVERSION = YES;
				CLANG_WARN_OBJC_ROOT_CLASS = YES_ERROR;
				CLANG_WARN_QUOTED_INCLUDE_IN_FRAMEWORK_HEADER = YES;
				CLANG_WARN_RANGE_LOOP_ANALYSIS = YES;
				CLANG_WARN_STRICT_PROTOTYPES = YES;
				CLANG_WARN_SUSPICIOUS_MOVE = YES;
				CLANG_WARN_UNGUARDED_AVAILABILITY = YES_AGGRESSIVE;
				CLANG_WARN_UNREACHABLE_CODE = YES;
				CLANG_WARN__DUPLICATE_METHOD_MATCH = YES;
				COPY_PHASE_STRIP = NO;
				DEBUG_INFORMATION_FORMAT = dwarf;
				ENABLE_STRICT_OBJC_MSGSEND = YES;
				ENABLE_TESTABILITY = YES;
				GCC_C_LANGUAGE_STANDARD = gnu11;
				GCC_DYNAMIC_NO_PIC = NO;
				GCC_NO_COMMON_BLOCKS = YES;
				GCC_OPTIMIZATION_LEVEL = 0;
				GCC_PREPROCESSOR_DEFINITIONS = (
					"DEBUG=1",
					"$(inherited)",
				);
				GCC_WARN_64_TO_32_BIT_CONVERSION = YES;
				GCC_WARN_ABOUT_RETURN_TYPE = YES_ERROR;
				GCC_WARN_UNDECLARED_SELECTOR = YES;
				GCC_WARN_UNINITIALIZED_AUTOS = YES_AGGRESSIVE;
				GCC_WARN_UNUSED_FUNCTION = YES;
				GCC_WARN_UNUSED_VARIABLE = YES;
				IPHONEOS_DEPLOYMENT_TARGET = 14.0;
				MTL_ENABLE_DEBUG_INFO = INCLUDE_SOURCE;
				MTL_FAST_MATH = YES;
				ONLY_ACTIVE_ARCH = YES;
				SDKROOT = iphoneos;
				SWIFT_ACTIVE_COMPILATION_CONDITIONS = DEBUG;
				SWIFT_OPTIMIZATION_LEVEL = "-Onone";
			};
			name = Debug;
		};
		9FBA2BE62584A03300295739 /* Release */ = {
			isa = XCBuildConfiguration;
			buildSettings = {
				ALWAYS_SEARCH_USER_PATHS = NO;
				CLANG_ANALYZER_NONNULL = YES;
				CLANG_ANALYZER_NUMBER_OBJECT_CONVERSION = YES_AGGRESSIVE;
				CLANG_CXX_LANGUAGE_STANDARD = "gnu++14";
				CLANG_CXX_LIBRARY = "libc++";
				CLANG_ENABLE_MODULES = YES;
				CLANG_ENABLE_OBJC_ARC = YES;
				CLANG_ENABLE_OBJC_WEAK = YES;
				CLANG_WARN_BLOCK_CAPTURE_AUTORELEASING = YES;
				CLANG_WARN_BOOL_CONVERSION = YES;
				CLANG_WARN_COMMA = YES;
				CLANG_WARN_CONSTANT_CONVERSION = YES;
				CLANG_WARN_DEPRECATED_OBJC_IMPLEMENTATIONS = YES;
				CLANG_WARN_DIRECT_OBJC_ISA_USAGE = YES_ERROR;
				CLANG_WARN_DOCUMENTATION_COMMENTS = YES;
				CLANG_WARN_EMPTY_BODY = YES;
				CLANG_WARN_ENUM_CONVERSION = YES;
				CLANG_WARN_INFINITE_RECURSION = YES;
				CLANG_WARN_INT_CONVERSION = YES;
				CLANG_WARN_NON_LITERAL_NULL_CONVERSION = YES;
				CLANG_WARN_OBJC_IMPLICIT_RETAIN_SELF = YES;
				CLANG_WARN_OBJC_LITERAL_CONVERSION = YES;
				CLANG_WARN_OBJC_ROOT_CLASS = YES_ERROR;
				CLANG_WARN_QUOTED_INCLUDE_IN_FRAMEWORK_HEADER = YES;
				CLANG_WARN_RANGE_LOOP_ANALYSIS = YES;
				CLANG_WARN_STRICT_PROTOTYPES = YES;
				CLANG_WARN_SUSPICIOUS_MOVE = YES;
				CLANG_WARN_UNGUARDED_AVAILABILITY = YES_AGGRESSIVE;
				CLANG_WARN_UNREACHABLE_CODE = YES;
				CLANG_WARN__DUPLICATE_METHOD_MATCH = YES;
				COPY_PHASE_STRIP = NO;
				DEBUG_INFORMATION_FORMAT = "dwarf-with-dsym";
				ENABLE_NS_ASSERTIONS = NO;
				ENABLE_STRICT_OBJC_MSGSEND = YES;
				GCC_C_LANGUAGE_STANDARD = gnu11;
				GCC_NO_COMMON_BLOCKS = YES;
				GCC_WARN_64_TO_32_BIT_CONVERSION = YES;
				GCC_WARN_ABOUT_RETURN_TYPE = YES_ERROR;
				GCC_WARN_UNDECLARED_SELECTOR = YES;
				GCC_WARN_UNINITIALIZED_AUTOS = YES_AGGRESSIVE;
				GCC_WARN_UNUSED_FUNCTION = YES;
				GCC_WARN_UNUSED_VARIABLE = YES;
				IPHONEOS_DEPLOYMENT_TARGET = 14.0;
				MTL_ENABLE_DEBUG_INFO = NO;
				MTL_FAST_MATH = YES;
				SDKROOT = iphoneos;
				SWIFT_COMPILATION_MODE = wholemodule;
				SWIFT_OPTIMIZATION_LEVEL = "-O";
				VALIDATE_PRODUCT = YES;
			};
			name = Release;
		};
		9FBA2BE82584A03300295739 /* Debug */ = {
			isa = XCBuildConfiguration;
			buildSettings = {
				ASSETCATALOG_COMPILER_APPICON_NAME = AppIcon;
				ASSETCATALOG_COMPILER_GLOBAL_ACCENT_COLOR_NAME = AccentColor;
				CODE_SIGN_STYLE = Automatic;
				DEVELOPMENT_TEAM = 4L2695C228;
				INFOPLIST_FILE = "WKWebView With UIToolbar and UIActivityIndicatorView/Info.plist";
				LD_RUNPATH_SEARCH_PATHS = (
					"$(inherited)",
					"@executable_path/Frameworks",
				);
				PRODUCT_BUNDLE_IDENTIFIER = "com.TedHyeong.WKWebView-With-UIToolbar-and-UIActivityIndicatorView";
				PRODUCT_NAME = "$(TARGET_NAME)";
				SWIFT_VERSION = 5.0;
				TARGETED_DEVICE_FAMILY = "1,2";
			};
			name = Debug;
		};
		9FBA2BE92584A03300295739 /* Release */ = {
			isa = XCBuildConfiguration;
			buildSettings = {
				ASSETCATALOG_COMPILER_APPICON_NAME = AppIcon;
				ASSETCATALOG_COMPILER_GLOBAL_ACCENT_COLOR_NAME = AccentColor;
				CODE_SIGN_STYLE = Automatic;
				DEVELOPMENT_TEAM = 4L2695C228;
				INFOPLIST_FILE = "WKWebView With UIToolbar and UIActivityIndicatorView/Info.plist";
				LD_RUNPATH_SEARCH_PATHS = (
					"$(inherited)",
					"@executable_path/Frameworks",
				);
				PRODUCT_BUNDLE_IDENTIFIER = "com.TedHyeong.WKWebView-With-UIToolbar-and-UIActivityIndicatorView";
				PRODUCT_NAME = "$(TARGET_NAME)";
				SWIFT_VERSION = 5.0;
				TARGETED_DEVICE_FAMILY = "1,2";
			};
			name = Release;
		};
/* End XCBuildConfiguration section */

/* Begin XCConfigurationList section */
		9FBA2BCE2584A03200295739 /* Build configuration list for PBXProject "WKWebView With UIToolbar and UIActivityIndicatorView" */ = {
			isa = XCConfigurationList;
			buildConfigurations = (
				9FBA2BE52584A03300295739 /* Debug */,
				9FBA2BE62584A03300295739 /* Release */,
			);
			defaultConfigurationIsVisible = 0;
			defaultConfigurationName = Release;
		};
		9FBA2BE72584A03300295739 /* Build configuration list for PBXNativeTarget "WKWebView With UIToolbar and UIActivityIndicatorView" */ = {
			isa = XCConfigurationList;
			buildConfigurations = (
				9FBA2BE82584A03300295739 /* Debug */,
				9FBA2BE92584A03300295739 /* Release */,
			);
			defaultConfigurationIsVisible = 0;
			defaultConfigurationName = Release;
		};
/* End XCConfigurationList section */
	};
	rootObject = 9FBA2BCB2584A03200295739 /* Project object */;
}
