// !$*UTF8*$!
{
	archiveVersion = 1;
	classes = {
	};
	objectVersion = 50;
	objects = {

/* Begin PBXBuildFile section */
		9FB682A025AFE9350016E443 /* AppDelegate.swift in Sources */ = {isa = PBXBuildFile; fileRef = 9FB6829F25AFE9350016E443 /* AppDelegate.swift */; };
		9FB682A225AFE9350016E443 /* SceneDelegate.swift in Sources */ = {isa = PBXBuildFile; fileRef = 9FB682A125AFE9350016E443 /* SceneDelegate.swift */; };
		9FB682A425AFE9350016E443 /* ContentView.swift in Sources */ = {isa = PBXBuildFile; fileRef = 9FB682A325AFE9350016E443 /* ContentView.swift */; };
		9FB682A625AFE9360016E443 /* Assets.xcassets in Resources */ = {isa = PBXBuildFile; fileRef = 9FB682A525AFE9360016E443 /* Assets.xcassets */; };
		9FB682A925AFE9360016E443 /* Preview Assets.xcassets in Resources */ = {isa = PBXBuildFile; fileRef = 9FB682A825AFE9360016E443 /* Preview Assets.xcassets */; };
		9FB682AC25AFE9360016E443 /* LaunchScreen.storyboard in Resources */ = {isa = PBXBuildFile; fileRef = 9FB682AA25AFE9360016E443 /* LaunchScreen.storyboard */; };
/* End PBXBuildFile section */

/* Begin PBXFileReference section */
		9FB6829C25AFE9350016E443 /* SwiftUIMapTypeTutorial.app */ = {isa = PBXFileReference; explicitFileType = wrapper.application; includeInIndex = 0; path = SwiftUIMapTypeTutorial.app; sourceTree = BUILT_PRODUCTS_DIR; };
		9FB6829F25AFE9350016E443 /* AppDelegate.swift */ = {isa = PBXFileReference; lastKnownFileType = sourcecode.swift; path = AppDelegate.swift; sourceTree = "<group>"; };
		9FB682A125AFE9350016E443 /* SceneDelegate.swift */ = {isa = PBXFileReference; lastKnownFileType = sourcecode.swift; path = SceneDelegate.swift; sourceTree = "<group>"; };
		9FB682A325AFE9350016E443 /* ContentView.swift */ = {isa = PBXFileReference; lastKnownFileType = sourcecode.swift; path = ContentView.swift; sourceTree = "<group>"; };
		9FB682A525AFE9360016E443 /* Assets.xcassets */ = {isa = PBXFileReference; lastKnownFileType = folder.assetcatalog; path = Assets.xcassets; sourceTree = "<group>"; };
		9FB682A825AFE9360016E443 /* Preview Assets.xcassets */ = {isa = PBXFileReference; lastKnownFileType = folder.assetcatalog; path = "Preview Assets.xcassets"; sourceTree = "<group>"; };
		9FB682AB25AFE9360016E443 /* Base */ = {isa = PBXFileReference; lastKnownFileType = file.storyboard; name = Base; path = Base.lproj/LaunchScreen.storyboard; sourceTree = "<group>"; };
		9FB682AD25AFE9360016E443 /* Info.plist */ = {isa = PBXFileReference; lastKnownFileType = text.plist.xml; path = Info.plist; sourceTree = "<group>"; };
/* End PBXFileReference section */

/* Begin PBXFrameworksBuildPhase section */
		9FB6829925AFE9350016E443 /* Frameworks */ = {
			isa = PBXFrameworksBuildPhase;
			buildActionMask = 2147483647;
			files = (
			);
			runOnlyForDeploymentPostprocessing = 0;
		};
/* End PBXFrameworksBuildPhase section */

/* Begin PBXGroup section */
		9FB6829325AFE9350016E443 = {
			isa = PBXGroup;
			children = (
				9FB6829E25AFE9350016E443 /* SwiftUIMapTypeTutorial */,
				9FB6829D25AFE9350016E443 /* Products */,
			);
			sourceTree = "<group>";
		};
		9FB6829D25AFE9350016E443 /* Products */ = {
			isa = PBXGroup;
			children = (
				9FB6829C25AFE9350016E443 /* SwiftUIMapTypeTutorial.app */,
			);
			name = Products;
			sourceTree = "<group>";
		};
		9FB6829E25AFE9350016E443 /* SwiftUIMapTypeTutorial */ = {
			isa = PBXGroup;
			children = (
				9FB6829F25AFE9350016E443 /* AppDelegate.swift */,
				9FB682A125AFE9350016E443 /* SceneDelegate.swift */,
				9FB682A325AFE9350016E443 /* ContentView.swift */,
				9FB682A525AFE9360016E443 /* Assets.xcassets */,
				9FB682AA25AFE9360016E443 /* LaunchScreen.storyboard */,
				9FB682AD25AFE9360016E443 /* Info.plist */,
				9FB682A725AFE9360016E443 /* Preview Content */,
			);
			path = SwiftUIMapTypeTutorial;
			sourceTree = "<group>";
		};
		9FB682A725AFE9360016E443 /* Preview Content */ = {
			isa = PBXGroup;
			children = (
				9FB682A825AFE9360016E443 /* Preview Assets.xcassets */,
			);
			path = "Preview Content";
			sourceTree = "<group>";
		};
/* End PBXGroup section */

/* Begin PBXNativeTarget section */
		9FB6829B25AFE9350016E443 /* SwiftUIMapTypeTutorial */ = {
			isa = PBXNativeTarget;
			buildConfigurationList = 9FB682B025AFE9360016E443 /* Build configuration list for PBXNativeTarget "SwiftUIMapTypeTutorial" */;
			buildPhases = (
				9FB6829825AFE9350016E443 /* Sources */,
				9FB6829925AFE9350016E443 /* Frameworks */,
				9FB6829A25AFE9350016E443 /* Resources */,
			);
			buildRules = (
			);
			dependencies = (
			);
			name = SwiftUIMapTypeTutorial;
			productName = SwiftUIMapTypeTutorial;
			productReference = 9FB6829C25AFE9350016E443 /* SwiftUIMapTypeTutorial.app */;
			productType = "com.apple.product-type.application";
		};
/* End PBXNativeTarget section */

/* Begin PBXProject section */
		9FB6829425AFE9350016E443 /* Project object */ = {
			isa = PBXProject;
			attributes = {
				LastSwiftUpdateCheck = 1200;
				LastUpgradeCheck = 1200;
				TargetAttributes = {
					9FB6829B25AFE9350016E443 = {
						CreatedOnToolsVersion = 12.0.1;
					};
				};
			};
			buildConfigurationList = 9FB6829725AFE9350016E443 /* Build configuration list for PBXProject "SwiftUIMapTypeTutorial" */;
			compatibilityVersion = "Xcode 9.3";
			developmentRegion = en;
			hasScannedForEncodings = 0;
			knownRegions = (
				en,
				Base,
			);
			mainGroup = 9FB6829325AFE9350016E443;
			productRefGroup = 9FB6829D25AFE9350016E443 /* Products */;
			projectDirPath = "";
			projectRoot = "";
			targets = (
				9FB6829B25AFE9350016E443 /* SwiftUIMapTypeTutorial */,
			);
		};
/* End PBXProject section */

/* Begin PBXResourcesBuildPhase section */
		9FB6829A25AFE9350016E443 /* Resources */ = {
			isa = PBXResourcesBuildPhase;
			buildActionMask = 2147483647;
			files = (
				9FB682AC25AFE9360016E443 /* LaunchScreen.storyboard in Resources */,
				9FB682A925AFE9360016E443 /* Preview Assets.xcassets in Resources */,
				9FB682A625AFE9360016E443 /* Assets.xcassets in Resources */,
			);
			runOnlyForDeploymentPostprocessing = 0;
		};
/* End PBXResourcesBuildPhase section */

/* Begin PBXSourcesBuildPhase section */
		9FB6829825AFE9350016E443 /* Sources */ = {
			isa = PBXSourcesBuildPhase;
			buildActionMask = 2147483647;
			files = (
				9FB682A025AFE9350016E443 /* AppDelegate.swift in Sources */,
				9FB682A225AFE9350016E443 /* SceneDelegate.swift in Sources */,
				9FB682A425AFE9350016E443 /* ContentView.swift in Sources */,
			);
			runOnlyForDeploymentPostprocessing = 0;
		};
/* End PBXSourcesBuildPhase section */

/* Begin PBXVariantGroup section */
		9FB682AA25AFE9360016E443 /* LaunchScreen.storyboard */ = {
			isa = PBXVariantGroup;
			children = (
				9FB682AB25AFE9360016E443 /* Base */,
			);
			name = LaunchScreen.storyboard;
			sourceTree = "<group>";
		};
/* End PBXVariantGroup section */

/* Begin XCBuildConfiguration section */
		9FB682AE25AFE9360016E443 /* Debug */ = {
			isa = XCBuildConfiguration;
			buildSettings = {
				ALWAYS_SEARCH_USER_PATHS = NO;
				CLANG_ANALYZER_NONNULL = YES;
				CLANG_ANALYZER_NUMBER_OBJECT_CONVERSION = YES_AGGRESSIVE;
				CLANG_CXX_LANGUAGE_STANDARD = "gnu++14";
				CLANG_CXX_LIBRARY = "libc++";
				CLANG_ENABLE_MODULES = YES;
				CLANG_ENABLE_OBJC_ARC = YES;
				CLANG_ENABLE_OBJC_WEAK = YES;
				CLANG_WARN_BLOCK_CAPTURE_AUTORELEASING = YES;
				CLANG_WARN_BOOL_CONVERSION = YES;
				CLANG_WARN_COMMA = YES;
				CLANG_WARN_CONSTANT_CONVERSION = YES;
				CLANG_WARN_DEPRECATED_OBJC_IMPLEMENTATIONS = YES;
				CLANG_WARN_DIRECT_OBJC_ISA_USAGE = YES_ERROR;
				CLANG_WARN_DOCUMENTATION_COMMENTS = YES;
				CLANG_WARN_EMPTY_BODY = YES;
				CLANG_WARN_ENUM_CONVERSION = YES;
				CLANG_WARN_INFINITE_RECURSION = YES;
				CLANG_WARN_INT_CONVERSION = YES;
				CLANG_WARN_NON_LITERAL_NULL_CONVERSION = YES;
				CLANG_WARN_OBJC_IMPLICIT_RETAIN_SELF = YES;
				CLANG_WARN_OBJC_LITERAL_CONVERSION = YES;
				CLANG_WARN_OBJC_ROOT_CLASS = YES_ERROR;
				CLANG_WARN_QUOTED_INCLUDE_IN_FRAMEWORK_HEADER = YES;
				CLANG_WARN_RANGE_LOOP_ANALYSIS = YES;
				CLANG_WARN_STRICT_PROTOTYPES = YES;
				CLANG_WARN_SUSPICIOUS_MOVE = YES;
				CLANG_WARN_UNGUARDED_AVAILABILITY = YES_AGGRESSIVE;
				CLANG_WARN_UNREACHABLE_CODE = YES;
				CLANG_WARN__DUPLICATE_METHOD_MATCH = YES;
				COPY_PHASE_STRIP = NO;
				DEBUG_INFORMATION_FORMAT = dwarf;
				ENABLE_STRICT_OBJC_MSGSEND = YES;
				ENABLE_TESTABILITY = YES;
				GCC_C_LANGUAGE_STANDARD = gnu11;
				GCC_DYNAMIC_NO_PIC = NO;
				GCC_NO_COMMON_BLOCKS = YES;
				GCC_OPTIMIZATION_LEVEL = 0;
				GCC_PREPROCESSOR_DEFINITIONS = (
					"DEBUG=1",
					"$(inherited)",
				);
				GCC_WARN_64_TO_32_BIT_CONVERSION = YES;
				GCC_WARN_ABOUT_RETURN_TYPE = YES_ERROR;
				GCC_WARN_UNDECLARED_SELECTOR = YES;
				GCC_WARN_UNINITIALIZED_AUTOS = YES_AGGRESSIVE;
				GCC_WARN_UNUSED_FUNCTION = YES;
				GCC_WARN_UNUSED_VARIABLE = YES;
				IPHONEOS_DEPLOYMENT_TARGET = 14.0;
				MTL_ENABLE_DEBUG_INFO = INCLUDE_SOURCE;
				MTL_FAST_MATH = YES;
				ONLY_ACTIVE_ARCH = YES;
				SDKROOT = iphoneos;
				SWIFT_ACTIVE_COMPILATION_CONDITIONS = DEBUG;
				SWIFT_OPTIMIZATION_LEVEL = "-Onone";
			};
			name = Debug;
		};
		9FB682AF25AFE9360016E443 /* Release */ = {
			isa = XCBuildConfiguration;
			buildSettings = {
				ALWAYS_SEARCH_USER_PATHS = NO;
				CLANG_ANALYZER_NONNULL = YES;
				CLANG_ANALYZER_NUMBER_OBJECT_CONVERSION = YES_AGGRESSIVE;
				CLANG_CXX_LANGUAGE_STANDARD = "gnu++14";
				CLANG_CXX_LIBRARY = "libc++";
				CLANG_ENABLE_MODULES = YES;
				CLANG_ENABLE_OBJC_ARC = YES;
				CLANG_ENABLE_OBJC_WEAK = YES;
				CLANG_WARN_BLOCK_CAPTURE_AUTORELEASING = YES;
				CLANG_WARN_BOOL_CONVERSION = YES;
				CLANG_WARN_COMMA = YES;
				CLANG_WARN_CONSTANT_CONVERSION = YES;
				CLANG_WARN_DEPRECATED_OBJC_IMPLEMENTATIONS = YES;
				CLANG_WARN_DIRECT_OBJC_ISA_USAGE = YES_ERROR;
				CLANG_WARN_DOCUMENTATION_COMMENTS = YES;
				CLANG_WARN_EMPTY_BODY = YES;
				CLANG_WARN_ENUM_CONVERSION = YES;
				CLANG_WARN_INFINITE_RECURSION = YES;
				CLANG_WARN_INT_CONVERSION = YES;
				CLANG_WARN_NON_LITERAL_NULL_CONVERSION = YES;
				CLANG_WARN_OBJC_IMPLICIT_RETAIN_SELF = YES;
				CLANG_WARN_OBJC_LITERAL_CONVERSION = YES;
				CLANG_WARN_OBJC_ROOT_CLASS = YES_ERROR;
				CLANG_WARN_QUOTED_INCLUDE_IN_FRAMEWORK_HEADER = YES;
				CLANG_WARN_RANGE_LOOP_ANALYSIS = YES;
				CLANG_WARN_STRICT_PROTOTYPES = YES;
				CLANG_WARN_SUSPICIOUS_MOVE = YES;
				CLANG_WARN_UNGUARDED_AVAILABILITY = YES_AGGRESSIVE;
				CLANG_WARN_UNREACHABLE_CODE = YES;
				CLANG_WARN__DUPLICATE_METHOD_MATCH = YES;
				COPY_PHASE_STRIP = NO;
				DEBUG_INFORMATION_FORMAT = "dwarf-with-dsym";
				ENABLE_NS_ASSERTIONS = NO;
				ENABLE_STRICT_OBJC_MSGSEND = YES;
				GCC_C_LANGUAGE_STANDARD = gnu11;
				GCC_NO_COMMON_BLOCKS = YES;
				GCC_WARN_64_TO_32_BIT_CONVERSION = YES;
				GCC_WARN_ABOUT_RETURN_TYPE = YES_ERROR;
				GCC_WARN_UNDECLARED_SELECTOR = YES;
				GCC_WARN_UNINITIALIZED_AUTOS = YES_AGGRESSIVE;
				GCC_WARN_UNUSED_FUNCTION = YES;
				GCC_WARN_UNUSED_VARIABLE = YES;
				IPHONEOS_DEPLOYMENT_TARGET = 14.0;
				MTL_ENABLE_DEBUG_INFO = NO;
				MTL_FAST_MATH = YES;
				SDKROOT = iphoneos;
				SWIFT_COMPILATION_MODE = wholemodule;
				SWIFT_OPTIMIZATION_LEVEL = "-O";
				VALIDATE_PRODUCT = YES;
			};
			name = Release;
		};
		9FB682B125AFE9360016E443 /* Debug */ = {
			isa = XCBuildConfiguration;
			buildSettings = {
				ASSETCATALOG_COMPILER_APPICON_NAME = AppIcon;
				ASSETCATALOG_COMPILER_GLOBAL_ACCENT_COLOR_NAME = AccentColor;
				CODE_SIGN_STYLE = Automatic;
				DEVELOPMENT_ASSET_PATHS = "\"SwiftUIMapTypeTutorial/Preview Content\"";
				DEVELOPMENT_TEAM = 4L2695C228;
				ENABLE_PREVIEWS = YES;
				INFOPLIST_FILE = SwiftUIMapTypeTutorial/Info.plist;
				LD_RUNPATH_SEARCH_PATHS = (
					"$(inherited)",
					"@executable_path/Frameworks",
				);
				PRODUCT_BUNDLE_IDENTIFIER = com.TedHyeong.SwiftUIMapTypeTutorial;
				PRODUCT_NAME = "$(TARGET_NAME)";
				SWIFT_VERSION = 5.0;
				TARGETED_DEVICE_FAMILY = "1,2";
			};
			name = Debug;
		};
		9FB682B225AFE9360016E443 /* Release */ = {
			isa = XCBuildConfiguration;
			buildSettings = {
				ASSETCATALOG_COMPILER_APPICON_NAME = AppIcon;
				ASSETCATALOG_COMPILER_GLOBAL_ACCENT_COLOR_NAME = AccentColor;
				CODE_SIGN_STYLE = Automatic;
				DEVELOPMENT_ASSET_PATHS = "\"SwiftUIMapTypeTutorial/Preview Content\"";
				DEVELOPMENT_TEAM = 4L2695C228;
				ENABLE_PREVIEWS = YES;
				INFOPLIST_FILE = SwiftUIMapTypeTutorial/Info.plist;
				LD_RUNPATH_SEARCH_PATHS = (
					"$(inherited)",
					"@executable_path/Frameworks",
				);
				PRODUCT_BUNDLE_IDENTIFIER = com.TedHyeong.SwiftUIMapTypeTutorial;
				PRODUCT_NAME = "$(TARGET_NAME)";
				SWIFT_VERSION = 5.0;
				TARGETED_DEVICE_FAMILY = "1,2";
			};
			name = Release;
		};
/* End XCBuildConfiguration section */

/* Begin XCConfigurationList section */
		9FB6829725AFE9350016E443 /* Build configuration list for PBXProject "SwiftUIMapTypeTutorial" */ = {
			isa = XCConfigurationList;
			buildConfigurations = (
				9FB682AE25AFE9360016E443 /* Debug */,
				9FB682AF25AFE9360016E443 /* Release */,
			);
			defaultConfigurationIsVisible = 0;
			defaultConfigurationName = Release;
		};
		9FB682B025AFE9360016E443 /* Build configuration list for PBXNativeTarget "SwiftUIMapTypeTutorial" */ = {
			isa = XCConfigurationList;
			buildConfigurations = (
				9FB682B125AFE9360016E443 /* Debug */,
				9FB682B225AFE9360016E443 /* Release */,
			);
			defaultConfigurationIsVisible = 0;
			defaultConfigurationName = Release;
		};
/* End XCConfigurationList section */
	};
	rootObject = 9FB6829425AFE9350016E443 /* Project object */;
}
