// !$*UTF8*$!
{
	archiveVersion = 1;
	classes = {
	};
	objectVersion = 50;
	objects = {

/* Begin PBXBuildFile section */
		180DC61523C78D9800486B1A /* LaunchScreen.storyboard in Resources */ = {isa = PBXBuildFile; fileRef = 180DC61423C78D9800486B1A /* LaunchScreen.storyboard */; };
		185CB1FC23C78CE6009F7571 /* AppDelegate.swift in Sources */ = {isa = PBXBuildFile; fileRef = 185CB1FB23C78CE6009F7571 /* AppDelegate.swift */; };
		185CB1FE23C78CE6009F7571 /* SceneDelegate.swift in Sources */ = {isa = PBXBuildFile; fileRef = 185CB1FD23C78CE6009F7571 /* SceneDelegate.swift */; };
		185CB20323C78CE6009F7571 /* Main.storyboard in Resources */ = {isa = PBXBuildFile; fileRef = 185CB20123C78CE6009F7571 /* Main.storyboard */; };
		185CB20523C78CE8009F7571 /* Assets.xcassets in Resources */ = {isa = PBXBuildFile; fileRef = 185CB20423C78CE8009F7571 /* Assets.xcassets */; };
		E13ED56B251D4879008D6642 /* OptionsViewController.swift in Sources */ = {isa = PBXBuildFile; fileRef = E13ED56A251D4879008D6642 /* OptionsViewController.swift */; };
		E13ED56F251D488E008D6642 /* StoryListViewController.swift in Sources */ = {isa = PBXBuildFile; fileRef = E13ED56E251D488E008D6642 /* StoryListViewController.swift */; };
		E13ED572251D489F008D6642 /* StoryViewController.swift in Sources */ = {isa = PBXBuildFile; fileRef = E13ED571251D489F008D6642 /* StoryViewController.swift */; };
		E13ED575251D48B8008D6642 /* ThemedNavigationController.swift in Sources */ = {isa = PBXBuildFile; fileRef = E13ED574251D48B8008D6642 /* ThemedNavigationController.swift */; };
		E13ED579251D48E2008D6642 /* StoryCell.swift in Sources */ = {isa = PBXBuildFile; fileRef = E13ED578251D48E2008D6642 /* StoryCell.swift */; };
		E13ED57D251D48F8008D6642 /* StoryView.swift in Sources */ = {isa = PBXBuildFile; fileRef = E13ED57C251D48F8008D6642 /* StoryView.swift */; };
		E13ED581251D4917008D6642 /* UIColor+Extensions.swift in Sources */ = {isa = PBXBuildFile; fileRef = E13ED580251D4917008D6642 /* UIColor+Extensions.swift */; };
		E13ED5BE251D498E008D6642 /* OpenSans-Semibold.ttf in Resources */ = {isa = PBXBuildFile; fileRef = E13ED587251D498E008D6642 /* OpenSans-Semibold.ttf */; };
		E13ED5BF251D498E008D6642 /* Apache License.txt in Resources */ = {isa = PBXBuildFile; fileRef = E13ED588251D498E008D6642 /* Apache License.txt */; };
		E13ED5C0251D498E008D6642 /* OpenSans-Regular.ttf in Resources */ = {isa = PBXBuildFile; fileRef = E13ED589251D498E008D6642 /* OpenSans-Regular.ttf */; };
		E13ED5C2251D498E008D6642 /* SourceSansPro-Regular.otf in Resources */ = {isa = PBXBuildFile; fileRef = E13ED58C251D498E008D6642 /* SourceSansPro-Regular.otf */; };
		E13ED5C3251D498E008D6642 /* SourceSansPro-Semibold.otf in Resources */ = {isa = PBXBuildFile; fileRef = E13ED58D251D498E008D6642 /* SourceSansPro-Semibold.otf */; };
		E13ED5C4251D498E008D6642 /* NotoSans-Regular.ttf in Resources */ = {isa = PBXBuildFile; fileRef = E13ED58F251D498E008D6642 /* NotoSans-Regular.ttf */; };
		E13ED5C5251D498E008D6642 /* NotoSans-Bold.ttf in Resources */ = {isa = PBXBuildFile; fileRef = E13ED590251D498E008D6642 /* NotoSans-Bold.ttf */; };
		E13ED5C7251D498E008D6642 /* PTS55F.ttf in Resources */ = {isa = PBXBuildFile; fileRef = E13ED593251D498E008D6642 /* PTS55F.ttf */; };
		E13ED5C8251D498E008D6642 /* Paratype PT Sans Free Font License.txt in Resources */ = {isa = PBXBuildFile; fileRef = E13ED594251D498E008D6642 /* Paratype PT Sans Free Font License.txt */; };
		E13ED5C9251D498E008D6642 /* PTS75F.ttf in Resources */ = {isa = PBXBuildFile; fileRef = E13ED595251D498E008D6642 /* PTS75F.ttf */; };
		E13ED5CA251D498E008D6642 /* SIL Open Font License.txt in Resources */ = {isa = PBXBuildFile; fileRef = E13ED597251D498E008D6642 /* SIL Open Font License.txt */; };
		E13ED5CB251D498E008D6642 /* FiraSans-Regular.otf in Resources */ = {isa = PBXBuildFile; fileRef = E13ED598251D498E008D6642 /* FiraSans-Regular.otf */; };
		E13ED5CC251D498E008D6642 /* FiraSans-SemiBold.otf in Resources */ = {isa = PBXBuildFile; fileRef = E13ED599251D498E008D6642 /* FiraSans-SemiBold.otf */; };
		E13ED5CD251D498E008D6642 /* The Goose Girl.grm in Resources */ = {isa = PBXBuildFile; fileRef = E13ED59B251D498E008D6642 /* The Goose Girl.grm */; };
		E13ED5CE251D498E008D6642 /* Doctor Knowall.grm in Resources */ = {isa = PBXBuildFile; fileRef = E13ED59C251D498E008D6642 /* Doctor Knowall.grm */; };
		E13ED5CF251D498E008D6642 /* The Water of Life.grm in Resources */ = {isa = PBXBuildFile; fileRef = E13ED59D251D498E008D6642 /* The Water of Life.grm */; };
		E13ED5D0251D498E008D6642 /* Briar Rose.grm in Resources */ = {isa = PBXBuildFile; fileRef = E13ED59E251D498E008D6642 /* Briar Rose.grm */; };
		E13ED5D1251D498E008D6642 /* The Four Clever Brothers.grm in Resources */ = {isa = PBXBuildFile; fileRef = E13ED59F251D498E008D6642 /* The Four Clever Brothers.grm */; };
		E13ED5D2251D498E008D6642 /* Old Sultan.grm in Resources */ = {isa = PBXBuildFile; fileRef = E13ED5A0251D498E008D6642 /* Old Sultan.grm */; };
		E13ED5D3251D498E008D6642 /* The Willow Wren and The Bear.grm in Resources */ = {isa = PBXBuildFile; fileRef = E13ED5A1251D498E008D6642 /* The Willow Wren and The Bear.grm */; };
		E13ED5D4251D498E008D6642 /* Snow White and Rose Red.grm in Resources */ = {isa = PBXBuildFile; fileRef = E13ED5A2251D498E008D6642 /* Snow White and Rose Red.grm */; };
		E13ED5D5251D498E008D6642 /* The Three Languages.grm in Resources */ = {isa = PBXBuildFile; fileRef = E13ED5A3251D498E008D6642 /* The Three Languages.grm */; };
		E13ED5D6251D498E008D6642 /* The Juniper Tree.grm in Resources */ = {isa = PBXBuildFile; fileRef = E13ED5A4251D498E008D6642 /* The Juniper Tree.grm */; };
		E13ED5D7251D498E008D6642 /* Jorinda And Jorindel.grm in Resources */ = {isa = PBXBuildFile; fileRef = E13ED5A5251D498E008D6642 /* Jorinda And Jorindel.grm */; };
		E13ED5D8251D498E008D6642 /* The Golden Goose.grm in Resources */ = {isa = PBXBuildFile; fileRef = E13ED5A6251D498E008D6642 /* The Golden Goose.grm */; };
		E13ED5D9251D498E008D6642 /* King Grisly-Beard.grm in Resources */ = {isa = PBXBuildFile; fileRef = E13ED5A7251D498E008D6642 /* King Grisly-Beard.grm */; };
		E13ED5DA251D498E008D6642 /* Hansel and Gretel.grm in Resources */ = {isa = PBXBuildFile; fileRef = E13ED5A8251D498E008D6642 /* Hansel and Gretel.grm */; };
		E13ED5DB251D498E008D6642 /* Tom Thumb.grm in Resources */ = {isa = PBXBuildFile; fileRef = E13ED5A9251D498E008D6642 /* Tom Thumb.grm */; };
		E13ED5DC251D498E008D6642 /* Hans In Luck.grm in Resources */ = {isa = PBXBuildFile; fileRef = E13ED5AA251D498E008D6642 /* Hans In Luck.grm */; };
		E13ED5DD251D498E008D6642 /* The Dog and The Sparrow.grm in Resources */ = {isa = PBXBuildFile; fileRef = E13ED5AB251D498E008D6642 /* The Dog and The Sparrow.grm */; };
		E13ED5DE251D498E008D6642 /* Rapunzel.grm in Resources */ = {isa = PBXBuildFile; fileRef = E13ED5AC251D498E008D6642 /* Rapunzel.grm */; };
		E13ED5DF251D498E008D6642 /* The Wolf and The Seven Little Kids.grm in Resources */ = {isa = PBXBuildFile; fileRef = E13ED5AD251D498E008D6642 /* The Wolf and The Seven Little Kids.grm */; };
		E13ED5E0251D498E008D6642 /* Fundevogel.grm in Resources */ = {isa = PBXBuildFile; fileRef = E13ED5AE251D498E008D6642 /* Fundevogel.grm */; };
		E13ED5E1251D498E008D6642 /* The Fox and The Horse.grm in Resources */ = {isa = PBXBuildFile; fileRef = E13ED5AF251D498E008D6642 /* The Fox and The Horse.grm */; };
		E13ED5E2251D498E008D6642 /* The Travelling Musicians.grm in Resources */ = {isa = PBXBuildFile; fileRef = E13ED5B0251D498E008D6642 /* The Travelling Musicians.grm */; };
		E13ED5E3251D498E008D6642 /* Iron Hans.grm in Resources */ = {isa = PBXBuildFile; fileRef = E13ED5B1251D498E008D6642 /* Iron Hans.grm */; };
		E13ED5E4251D498E008D6642 /* The Raven.grm in Resources */ = {isa = PBXBuildFile; fileRef = E13ED5B2251D498E008D6642 /* The Raven.grm */; };
		E13ED5E5251D498E008D6642 /* Lily and The Lion.grm in Resources */ = {isa = PBXBuildFile; fileRef = E13ED5B3251D498E008D6642 /* Lily and The Lion.grm */; };
		E13ED5E6251D498E008D6642 /* Frederick and Catherine.grm in Resources */ = {isa = PBXBuildFile; fileRef = E13ED5B4251D498E008D6642 /* Frederick and Catherine.grm */; };
		E13ED5E7251D498E008D6642 /* The White Snake.grm in Resources */ = {isa = PBXBuildFile; fileRef = E13ED5B5251D498E008D6642 /* The White Snake.grm */; };
		E13ED5E8251D498E008D6642 /* The Miser In The Bush.grm in Resources */ = {isa = PBXBuildFile; fileRef = E13ED5B6251D498E008D6642 /* The Miser In The Bush.grm */; };
		E13ED5E9251D498E008D6642 /* The Adventures of Chanticleer and Partlet.grm in Resources */ = {isa = PBXBuildFile; fileRef = E13ED5B7251D498E008D6642 /* The Adventures of Chanticleer and Partlet.grm */; };
		E13ED5EA251D498E008D6642 /* The Little Peasant.grm in Resources */ = {isa = PBXBuildFile; fileRef = E13ED5B8251D498E008D6642 /* The Little Peasant.grm */; };
		E13ED5EB251D498E008D6642 /* The Robber Bridegroom.grm in Resources */ = {isa = PBXBuildFile; fileRef = E13ED5B9251D498E008D6642 /* The Robber Bridegroom.grm */; };
		E13ED5EC251D498E008D6642 /* The Mouse, The Bird, and The Sausage.grm in Resources */ = {isa = PBXBuildFile; fileRef = E13ED5BA251D498E008D6642 /* The Mouse, The Bird, and The Sausage.grm */; };
		E13ED5ED251D498E008D6642 /* Clever Hans.grm in Resources */ = {isa = PBXBuildFile; fileRef = E13ED5BB251D498E008D6642 /* Clever Hans.grm */; };
		E13ED5EE251D498E008D6642 /* The Pink.grm in Resources */ = {isa = PBXBuildFile; fileRef = E13ED5BC251D498E008D6642 /* The Pink.grm */; };
		E13ED5EF251D498E008D6642 /* The Blue Light.grm in Resources */ = {isa = PBXBuildFile; fileRef = E13ED5BD251D498E008D6642 /* The Blue Light.grm */; };
		E13ED5F4251D49C4008D6642 /* Theme.swift in Sources */ = {isa = PBXBuildFile; fileRef = E13ED5F3251D49C4008D6642 /* Theme.swift */; };
		E13ED5F8251D49CE008D6642 /* Font.swift in Sources */ = {isa = PBXBuildFile; fileRef = E13ED5F7251D49CE008D6642 /* Font.swift */; };
		E13ED5FB251D49D6008D6642 /* ReadingMode.swift in Sources */ = {isa = PBXBuildFile; fileRef = E13ED5FA251D49D6008D6642 /* ReadingMode.swift */; };
		E13ED5FE251D49E4008D6642 /* TitleAlignment.swift in Sources */ = {isa = PBXBuildFile; fileRef = E13ED5FD251D49E4008D6642 /* TitleAlignment.swift */; };
		E13ED601251D49F5008D6642 /* Story.swift in Sources */ = {isa = PBXBuildFile; fileRef = E13ED600251D49F5008D6642 /* Story.swift */; };
/* End PBXBuildFile section */

/* Begin PBXFileReference section */
		180DC61423C78D9800486B1A /* LaunchScreen.storyboard */ = {isa = PBXFileReference; fileEncoding = 4; lastKnownFileType = file.storyboard; path = LaunchScreen.storyboard; sourceTree = "<group>"; };
		185CB1F823C78CE6009F7571 /* Grimm.app */ = {isa = PBXFileReference; explicitFileType = wrapper.application; includeInIndex = 0; path = Grimm.app; sourceTree = BUILT_PRODUCTS_DIR; };
		185CB1FB23C78CE6009F7571 /* AppDelegate.swift */ = {isa = PBXFileReference; lastKnownFileType = sourcecode.swift; path = AppDelegate.swift; sourceTree = "<group>"; };
		185CB1FD23C78CE6009F7571 /* SceneDelegate.swift */ = {isa = PBXFileReference; lastKnownFileType = sourcecode.swift; path = SceneDelegate.swift; sourceTree = "<group>"; };
		185CB20223C78CE6009F7571 /* Base */ = {isa = PBXFileReference; lastKnownFileType = file.storyboard; name = Base; path = Base.lproj/Main.storyboard; sourceTree = "<group>"; };
		185CB20423C78CE8009F7571 /* Assets.xcassets */ = {isa = PBXFileReference; lastKnownFileType = folder.assetcatalog; path = Assets.xcassets; sourceTree = "<group>"; };
		185CB20923C78CE8009F7571 /* Info.plist */ = {isa = PBXFileReference; lastKnownFileType = text.plist.xml; path = Info.plist; sourceTree = "<group>"; };
		E13ED56A251D4879008D6642 /* OptionsViewController.swift */ = {isa = PBXFileReference; lastKnownFileType = sourcecode.swift; path = OptionsViewController.swift; sourceTree = "<group>"; };
		E13ED56E251D488E008D6642 /* StoryListViewController.swift */ = {isa = PBXFileReference; lastKnownFileType = sourcecode.swift; path = StoryListViewController.swift; sourceTree = "<group>"; };
		E13ED571251D489F008D6642 /* StoryViewController.swift */ = {isa = PBXFileReference; lastKnownFileType = sourcecode.swift; path = StoryViewController.swift; sourceTree = "<group>"; };
		E13ED574251D48B8008D6642 /* ThemedNavigationController.swift */ = {isa = PBXFileReference; lastKnownFileType = sourcecode.swift; path = ThemedNavigationController.swift; sourceTree = "<group>"; };
		E13ED578251D48E2008D6642 /* StoryCell.swift */ = {isa = PBXFileReference; lastKnownFileType = sourcecode.swift; path = StoryCell.swift; sourceTree = "<group>"; };
		E13ED57C251D48F8008D6642 /* StoryView.swift */ = {isa = PBXFileReference; lastKnownFileType = sourcecode.swift; path = StoryView.swift; sourceTree = "<group>"; };
		E13ED580251D4917008D6642 /* UIColor+Extensions.swift */ = {isa = PBXFileReference; lastKnownFileType = sourcecode.swift; path = "UIColor+Extensions.swift"; sourceTree = "<group>"; };
		E13ED587251D498E008D6642 /* OpenSans-Semibold.ttf */ = {isa = PBXFileReference; lastKnownFileType = file; path = "OpenSans-Semibold.ttf"; sourceTree = "<group>"; };
		E13ED588251D498E008D6642 /* Apache License.txt */ = {isa = PBXFileReference; fileEncoding = 4; lastKnownFileType = text; path = "Apache License.txt"; sourceTree = "<group>"; };
		E13ED589251D498E008D6642 /* OpenSans-Regular.ttf */ = {isa = PBXFileReference; lastKnownFileType = file; path = "OpenSans-Regular.ttf"; sourceTree = "<group>"; };
		E13ED58C251D498E008D6642 /* SourceSansPro-Regular.otf */ = {isa = PBXFileReference; lastKnownFileType = file; path = "SourceSansPro-Regular.otf"; sourceTree = "<group>"; };
		E13ED58D251D498E008D6642 /* SourceSansPro-Semibold.otf */ = {isa = PBXFileReference; lastKnownFileType = file; path = "SourceSansPro-Semibold.otf"; sourceTree = "<group>"; };
		E13ED58F251D498E008D6642 /* NotoSans-Regular.ttf */ = {isa = PBXFileReference; lastKnownFileType = file; path = "NotoSans-Regular.ttf"; sourceTree = "<group>"; };
		E13ED590251D498E008D6642 /* NotoSans-Bold.ttf */ = {isa = PBXFileReference; lastKnownFileType = file; path = "NotoSans-Bold.ttf"; sourceTree = "<group>"; };
		E13ED593251D498E008D6642 /* PTS55F.ttf */ = {isa = PBXFileReference; lastKnownFileType = file; path = PTS55F.ttf; sourceTree = "<group>"; };
		E13ED594251D498E008D6642 /* Paratype PT Sans Free Font License.txt */ = {isa = PBXFileReference; fileEncoding = 4; lastKnownFileType = text; path = "Paratype PT Sans Free Font License.txt"; sourceTree = "<group>"; };
		E13ED595251D498E008D6642 /* PTS75F.ttf */ = {isa = PBXFileReference; lastKnownFileType = file; path = PTS75F.ttf; sourceTree = "<group>"; };
		E13ED597251D498E008D6642 /* SIL Open Font License.txt */ = {isa = PBXFileReference; fileEncoding = 4; lastKnownFileType = text; path = "SIL Open Font License.txt"; sourceTree = "<group>"; };
		E13ED598251D498E008D6642 /* FiraSans-Regular.otf */ = {isa = PBXFileReference; lastKnownFileType = file; path = "FiraSans-Regular.otf"; sourceTree = "<group>"; };
		E13ED599251D498E008D6642 /* FiraSans-SemiBold.otf */ = {isa = PBXFileReference; lastKnownFileType = file; path = "FiraSans-SemiBold.otf"; sourceTree = "<group>"; };
		E13ED59B251D498E008D6642 /* The Goose Girl.grm */ = {isa = PBXFileReference; fileEncoding = 4; lastKnownFileType = text; path = "The Goose Girl.grm"; sourceTree = "<group>"; };
		E13ED59C251D498E008D6642 /* Doctor Knowall.grm */ = {isa = PBXFileReference; fileEncoding = 4; lastKnownFileType = text; path = "Doctor Knowall.grm"; sourceTree = "<group>"; };
		E13ED59D251D498E008D6642 /* The Water of Life.grm */ = {isa = PBXFileReference; fileEncoding = 4; lastKnownFileType = text; path = "The Water of Life.grm"; sourceTree = "<group>"; };
		E13ED59E251D498E008D6642 /* Briar Rose.grm */ = {isa = PBXFileReference; fileEncoding = 4; lastKnownFileType = text; path = "Briar Rose.grm"; sourceTree = "<group>"; };
		E13ED59F251D498E008D6642 /* The Four Clever Brothers.grm */ = {isa = PBXFileReference; fileEncoding = 4; lastKnownFileType = text; path = "The Four Clever Brothers.grm"; sourceTree = "<group>"; };
		E13ED5A0251D498E008D6642 /* Old Sultan.grm */ = {isa = PBXFileReference; fileEncoding = 4; lastKnownFileType = text; path = "Old Sultan.grm"; sourceTree = "<group>"; };
		E13ED5A1251D498E008D6642 /* The Willow Wren and The Bear.grm */ = {isa = PBXFileReference; fileEncoding = 4; lastKnownFileType = text; path = "The Willow Wren and The Bear.grm"; sourceTree = "<group>"; };
		E13ED5A2251D498E008D6642 /* Snow White and Rose Red.grm */ = {isa = PBXFileReference; fileEncoding = 4; lastKnownFileType = text; path = "Snow White and Rose Red.grm"; sourceTree = "<group>"; };
		E13ED5A3251D498E008D6642 /* The Three Languages.grm */ = {isa = PBXFileReference; fileEncoding = 4; lastKnownFileType = text; path = "The Three Languages.grm"; sourceTree = "<group>"; };
		E13ED5A4251D498E008D6642 /* The Juniper Tree.grm */ = {isa = PBXFileReference; fileEncoding = 4; lastKnownFileType = text; path = "The Juniper Tree.grm"; sourceTree = "<group>"; };
		E13ED5A5251D498E008D6642 /* Jorinda And Jorindel.grm */ = {isa = PBXFileReference; fileEncoding = 4; lastKnownFileType = text; path = "Jorinda And Jorindel.grm"; sourceTree = "<group>"; };
		E13ED5A6251D498E008D6642 /* The Golden Goose.grm */ = {isa = PBXFileReference; fileEncoding = 4; lastKnownFileType = text; path = "The Golden Goose.grm"; sourceTree = "<group>"; };
		E13ED5A7251D498E008D6642 /* King Grisly-Beard.grm */ = {isa = PBXFileReference; fileEncoding = 4; lastKnownFileType = text; path = "King Grisly-Beard.grm"; sourceTree = "<group>"; };
		E13ED5A8251D498E008D6642 /* Hansel and Gretel.grm */ = {isa = PBXFileReference; fileEncoding = 4; lastKnownFileType = text; path = "Hansel and Gretel.grm"; sourceTree = "<group>"; };
		E13ED5A9251D498E008D6642 /* Tom Thumb.grm */ = {isa = PBXFileReference; fileEncoding = 4; lastKnownFileType = text; path = "Tom Thumb.grm"; sourceTree = "<group>"; };
		E13ED5AA251D498E008D6642 /* Hans In Luck.grm */ = {isa = PBXFileReference; fileEncoding = 4; lastKnownFileType = text; path = "Hans In Luck.grm"; sourceTree = "<group>"; };
		E13ED5AB251D498E008D6642 /* The Dog and The Sparrow.grm */ = {isa = PBXFileReference; fileEncoding = 4; lastKnownFileType = text; path = "The Dog and The Sparrow.grm"; sourceTree = "<group>"; };
		E13ED5AC251D498E008D6642 /* Rapunzel.grm */ = {isa = PBXFileReference; fileEncoding = 4; lastKnownFileType = text; path = Rapunzel.grm; sourceTree = "<group>"; };
		E13ED5AD251D498E008D6642 /* The Wolf and The Seven Little Kids.grm */ = {isa = PBXFileReference; fileEncoding = 4; lastKnownFileType = text; path = "The Wolf and The Seven Little Kids.grm"; sourceTree = "<group>"; };
		E13ED5AE251D498E008D6642 /* Fundevogel.grm */ = {isa = PBXFileReference; fileEncoding = 4; lastKnownFileType = text; path = Fundevogel.grm; sourceTree = "<group>"; };
		E13ED5AF251D498E008D6642 /* The Fox and The Horse.grm */ = {isa = PBXFileReference; fileEncoding = 4; lastKnownFileType = text; path = "The Fox and The Horse.grm"; sourceTree = "<group>"; };
		E13ED5B0251D498E008D6642 /* The Travelling Musicians.grm */ = {isa = PBXFileReference; fileEncoding = 4; lastKnownFileType = text; path = "The Travelling Musicians.grm"; sourceTree = "<group>"; };
		E13ED5B1251D498E008D6642 /* Iron Hans.grm */ = {isa = PBXFileReference; fileEncoding = 4; lastKnownFileType = text; path = "Iron Hans.grm"; sourceTree = "<group>"; };
		E13ED5B2251D498E008D6642 /* The Raven.grm */ = {isa = PBXFileReference; fileEncoding = 4; lastKnownFileType = text; path = "The Raven.grm"; sourceTree = "<group>"; };
		E13ED5B3251D498E008D6642 /* Lily and The Lion.grm */ = {isa = PBXFileReference; fileEncoding = 4; lastKnownFileType = text; path = "Lily and The Lion.grm"; sourceTree = "<group>"; };
		E13ED5B4251D498E008D6642 /* Frederick and Catherine.grm */ = {isa = PBXFileReference; fileEncoding = 4; lastKnownFileType = text; path = "Frederick and Catherine.grm"; sourceTree = "<group>"; };
		E13ED5B5251D498E008D6642 /* The White Snake.grm */ = {isa = PBXFileReference; fileEncoding = 4; lastKnownFileType = text; path = "The White Snake.grm"; sourceTree = "<group>"; };
		E13ED5B6251D498E008D6642 /* The Miser In The Bush.grm */ = {isa = PBXFileReference; fileEncoding = 4; lastKnownFileType = text; path = "The Miser In The Bush.grm"; sourceTree = "<group>"; };
		E13ED5B7251D498E008D6642 /* The Adventures of Chanticleer and Partlet.grm */ = {isa = PBXFileReference; fileEncoding = 4; lastKnownFileType = text; path = "The Adventures of Chanticleer and Partlet.grm"; sourceTree = "<group>"; };
		E13ED5B8251D498E008D6642 /* The Little Peasant.grm */ = {isa = PBXFileReference; fileEncoding = 4; lastKnownFileType = text; path = "The Little Peasant.grm"; sourceTree = "<group>"; };
		E13ED5B9251D498E008D6642 /* The Robber Bridegroom.grm */ = {isa = PBXFileReference; fileEncoding = 4; lastKnownFileType = text; path = "The Robber Bridegroom.grm"; sourceTree = "<group>"; };
		E13ED5BA251D498E008D6642 /* The Mouse, The Bird, and The Sausage.grm */ = {isa = PBXFileReference; fileEncoding = 4; lastKnownFileType = text; path = "The Mouse, The Bird, and The Sausage.grm"; sourceTree = "<group>"; };
		E13ED5BB251D498E008D6642 /* Clever Hans.grm */ = {isa = PBXFileReference; fileEncoding = 4; lastKnownFileType = text; path = "Clever Hans.grm"; sourceTree = "<group>"; };
		E13ED5BC251D498E008D6642 /* The Pink.grm */ = {isa = PBXFileReference; fileEncoding = 4; lastKnownFileType = text; path = "The Pink.grm"; sourceTree = "<group>"; };
		E13ED5BD251D498E008D6642 /* The Blue Light.grm */ = {isa = PBXFileReference; fileEncoding = 4; lastKnownFileType = text; path = "The Blue Light.grm"; sourceTree = "<group>"; };
		E13ED5F3251D49C4008D6642 /* Theme.swift */ = {isa = PBXFileReference; lastKnownFileType = sourcecode.swift; path = Theme.swift; sourceTree = "<group>"; };
		E13ED5F7251D49CE008D6642 /* Font.swift */ = {isa = PBXFileReference; lastKnownFileType = sourcecode.swift; path = Font.swift; sourceTree = "<group>"; };
		E13ED5FA251D49D6008D6642 /* ReadingMode.swift */ = {isa = PBXFileReference; lastKnownFileType = sourcecode.swift; path = ReadingMode.swift; sourceTree = "<group>"; };
		E13ED5FD251D49E4008D6642 /* TitleAlignment.swift */ = {isa = PBXFileReference; lastKnownFileType = sourcecode.swift; path = TitleAlignment.swift; sourceTree = "<group>"; };
		E13ED600251D49F5008D6642 /* Story.swift */ = {isa = PBXFileReference; lastKnownFileType = sourcecode.swift; path = Story.swift; sourceTree = "<group>"; };
/* End PBXFileReference section */

/* Begin PBXFrameworksBuildPhase section */
		185CB1F523C78CE6009F7571 /* Frameworks */ = {
			isa = PBXFrameworksBuildPhase;
			buildActionMask = 2147483647;
			files = (
			);
			runOnlyForDeploymentPostprocessing = 0;
		};
/* End PBXFrameworksBuildPhase section */

/* Begin PBXGroup section */
		185CB1EF23C78CE6009F7571 = {
			isa = PBXGroup;
			children = (
				185CB1FA23C78CE6009F7571 /* Grimm */,
				185CB1F923C78CE6009F7571 /* Products */,
			);
			indentWidth = 2;
			sourceTree = "<group>";
			tabWidth = 2;
		};
		185CB1F923C78CE6009F7571 /* Products */ = {
			isa = PBXGroup;
			children = (
				185CB1F823C78CE6009F7571 /* Grimm.app */,
			);
			name = Products;
			sourceTree = "<group>";
		};
		185CB1FA23C78CE6009F7571 /* Grimm */ = {
			isa = PBXGroup;
			children = (
				E13ED569251D47E9008D6642 /* ViewControllers */,
				E13ED577251D48C3008D6642 /* Views */,
				E13ED5F1251D499B008D6642 /* Models */,
				E13ED57F251D4900008D6642 /* Extensions */,
				E13ED603251D4A15008D6642 /* InterfaceBuilder */,
				E13ED584251D497C008D6642 /* Resources */,
				185CB1FB23C78CE6009F7571 /* AppDelegate.swift */,
				185CB1FD23C78CE6009F7571 /* SceneDelegate.swift */,
				185CB20423C78CE8009F7571 /* Assets.xcassets */,
				185CB20923C78CE8009F7571 /* Info.plist */,
			);
			path = Grimm;
			sourceTree = "<group>";
		};
		E13ED569251D47E9008D6642 /* ViewControllers */ = {
			isa = PBXGroup;
			children = (
				E13ED574251D48B8008D6642 /* ThemedNavigationController.swift */,
				E13ED56E251D488E008D6642 /* StoryListViewController.swift */,
				E13ED571251D489F008D6642 /* StoryViewController.swift */,
				E13ED56A251D4879008D6642 /* OptionsViewController.swift */,
			);
			path = ViewControllers;
			sourceTree = "<group>";
		};
		E13ED577251D48C3008D6642 /* Views */ = {
			isa = PBXGroup;
			children = (
				E13ED578251D48E2008D6642 /* StoryCell.swift */,
				E13ED57C251D48F8008D6642 /* StoryView.swift */,
			);
			path = Views;
			sourceTree = "<group>";
		};
		E13ED57F251D4900008D6642 /* Extensions */ = {
			isa = PBXGroup;
			children = (
				E13ED580251D4917008D6642 /* UIColor+Extensions.swift */,
			);
			path = Extensions;
			sourceTree = "<group>";
		};
		E13ED584251D497C008D6642 /* Resources */ = {
			isa = PBXGroup;
			children = (
				E13ED585251D498E008D6642 /* Fonts */,
				E13ED59A251D498E008D6642 /* Stories */,
			);
			path = Resources;
			sourceTree = "<group>";
		};
		E13ED585251D498E008D6642 /* Fonts */ = {
			isa = PBXGroup;
			children = (
				E13ED60C251D5078008D6642 /* Licenses */,
				E13ED586251D498E008D6642 /* Open Sans */,
				E13ED58A251D498E008D6642 /* Source Sans Pro */,
				E13ED58E251D498E008D6642 /* Noto Sans */,
				E13ED592251D498E008D6642 /* PT Sans */,
				E13ED596251D498E008D6642 /* Fira Sans */,
			);
			path = Fonts;
			sourceTree = "<group>";
		};
		E13ED586251D498E008D6642 /* Open Sans */ = {
			isa = PBXGroup;
			children = (
				E13ED587251D498E008D6642 /* OpenSans-Semibold.ttf */,
				E13ED589251D498E008D6642 /* OpenSans-Regular.ttf */,
			);
			path = "Open Sans";
			sourceTree = "<group>";
		};
		E13ED58A251D498E008D6642 /* Source Sans Pro */ = {
			isa = PBXGroup;
			children = (
				E13ED58C251D498E008D6642 /* SourceSansPro-Regular.otf */,
				E13ED58D251D498E008D6642 /* SourceSansPro-Semibold.otf */,
			);
			path = "Source Sans Pro";
			sourceTree = "<group>";
		};
		E13ED58E251D498E008D6642 /* Noto Sans */ = {
			isa = PBXGroup;
			children = (
				E13ED58F251D498E008D6642 /* NotoSans-Regular.ttf */,
				E13ED590251D498E008D6642 /* NotoSans-Bold.ttf */,
			);
			path = "Noto Sans";
			sourceTree = "<group>";
		};
		E13ED592251D498E008D6642 /* PT Sans */ = {
			isa = PBXGroup;
			children = (
				E13ED593251D498E008D6642 /* PTS55F.ttf */,
				E13ED595251D498E008D6642 /* PTS75F.ttf */,
			);
			path = "PT Sans";
			sourceTree = "<group>";
		};
		E13ED596251D498E008D6642 /* Fira Sans */ = {
			isa = PBXGroup;
			children = (
				E13ED598251D498E008D6642 /* FiraSans-Regular.otf */,
				E13ED599251D498E008D6642 /* FiraSans-SemiBold.otf */,
			);
			path = "Fira Sans";
			sourceTree = "<group>";
		};
		E13ED59A251D498E008D6642 /* Stories */ = {
			isa = PBXGroup;
			children = (
				E13ED59B251D498E008D6642 /* The Goose Girl.grm */,
				E13ED59C251D498E008D6642 /* Doctor Knowall.grm */,
				E13ED59D251D498E008D6642 /* The Water of Life.grm */,
				E13ED59E251D498E008D6642 /* Briar Rose.grm */,
				E13ED59F251D498E008D6642 /* The Four Clever Brothers.grm */,
				E13ED5A0251D498E008D6642 /* Old Sultan.grm */,
				E13ED5A1251D498E008D6642 /* The Willow Wren and The Bear.grm */,
				E13ED5A2251D498E008D6642 /* Snow White and Rose Red.grm */,
				E13ED5A3251D498E008D6642 /* The Three Languages.grm */,
				E13ED5A4251D498E008D6642 /* The Juniper Tree.grm */,
				E13ED5A5251D498E008D6642 /* Jorinda And Jorindel.grm */,
				E13ED5A6251D498E008D6642 /* The Golden Goose.grm */,
				E13ED5A7251D498E008D6642 /* King Grisly-Beard.grm */,
				E13ED5A8251D498E008D6642 /* Hansel and Gretel.grm */,
				E13ED5A9251D498E008D6642 /* Tom Thumb.grm */,
				E13ED5AA251D498E008D6642 /* Hans In Luck.grm */,
				E13ED5AB251D498E008D6642 /* The Dog and The Sparrow.grm */,
				E13ED5AC251D498E008D6642 /* Rapunzel.grm */,
				E13ED5AD251D498E008D6642 /* The Wolf and The Seven Little Kids.grm */,
				E13ED5AE251D498E008D6642 /* Fundevogel.grm */,
				E13ED5AF251D498E008D6642 /* The Fox and The Horse.grm */,
				E13ED5B0251D498E008D6642 /* The Travelling Musicians.grm */,
				E13ED5B1251D498E008D6642 /* Iron Hans.grm */,
				E13ED5B2251D498E008D6642 /* The Raven.grm */,
				E13ED5B3251D498E008D6642 /* Lily and The Lion.grm */,
				E13ED5B4251D498E008D6642 /* Frederick and Catherine.grm */,
				E13ED5B5251D498E008D6642 /* The White Snake.grm */,
				E13ED5B6251D498E008D6642 /* The Miser In The Bush.grm */,
				E13ED5B7251D498E008D6642 /* The Adventures of Chanticleer and Partlet.grm */,
				E13ED5B8251D498E008D6642 /* The Little Peasant.grm */,
				E13ED5B9251D498E008D6642 /* The Robber Bridegroom.grm */,
				E13ED5BA251D498E008D6642 /* The Mouse, The Bird, and The Sausage.grm */,
				E13ED5BB251D498E008D6642 /* Clever Hans.grm */,
				E13ED5BC251D498E008D6642 /* The Pink.grm */,
				E13ED5BD251D498E008D6642 /* The Blue Light.grm */,
			);
			path = Stories;
			sourceTree = "<group>";
		};
		E13ED5F1251D499B008D6642 /* Models */ = {
			isa = PBXGroup;
			children = (
				E13ED5F2251D49BB008D6642 /* Theme */,
				E13ED600251D49F5008D6642 /* Story.swift */,
			);
			path = Models;
			sourceTree = "<group>";
		};
		E13ED5F2251D49BB008D6642 /* Theme */ = {
			isa = PBXGroup;
			children = (
				E13ED5F3251D49C4008D6642 /* Theme.swift */,
				E13ED5F7251D49CE008D6642 /* Font.swift */,
				E13ED5FA251D49D6008D6642 /* ReadingMode.swift */,
				E13ED5FD251D49E4008D6642 /* TitleAlignment.swift */,
			);
			path = Theme;
			sourceTree = "<group>";
		};
		E13ED603251D4A15008D6642 /* InterfaceBuilder */ = {
			isa = PBXGroup;
			children = (
				185CB20123C78CE6009F7571 /* Main.storyboard */,
				180DC61423C78D9800486B1A /* LaunchScreen.storyboard */,
			);
			path = InterfaceBuilder;
			sourceTree = "<group>";
		};
		E13ED60C251D5078008D6642 /* Licenses */ = {
			isa = PBXGroup;
			children = (
				E13ED594251D498E008D6642 /* Paratype PT Sans Free Font License.txt */,
				E13ED597251D498E008D6642 /* SIL Open Font License.txt */,
				E13ED588251D498E008D6642 /* Apache License.txt */,
			);
			path = Licenses;
			sourceTree = "<group>";
		};
/* End PBXGroup section */

/* Begin PBXNativeTarget section */
		185CB1F723C78CE6009F7571 /* Grimm */ = {
			isa = PBXNativeTarget;
			buildConfigurationList = 185CB20C23C78CE8009F7571 /* Build configuration list for PBXNativeTarget "Grimm" */;
			buildPhases = (
				181FE31E248EA70400A180EA /* SwiftLint */,
				185CB1F423C78CE6009F7571 /* Sources */,
				185CB1F523C78CE6009F7571 /* Frameworks */,
				185CB1F623C78CE6009F7571 /* Resources */,
			);
			buildRules = (
			);
			dependencies = (
			);
			name = Grimm;
			productName = MyRWTutorial;
			productReference = 185CB1F823C78CE6009F7571 /* Grimm.app */;
			productType = "com.apple.product-type.application";
		};
/* End PBXNativeTarget section */

/* Begin PBXProject section */
		185CB1F023C78CE6009F7571 /* Project object */ = {
			isa = PBXProject;
			attributes = {
				LastSwiftUpdateCheck = 1130;
				LastUpgradeCheck = 1200;
				ORGANIZATIONNAME = "Ray Wenderlich";
				TargetAttributes = {
					185CB1F723C78CE6009F7571 = {
						CreatedOnToolsVersion = 11.3;
					};
				};
			};
			buildConfigurationList = 185CB1F323C78CE6009F7571 /* Build configuration list for PBXProject "Grimm" */;
			compatibilityVersion = "Xcode 9.3";
			developmentRegion = en;
			hasScannedForEncodings = 0;
			knownRegions = (
				en,
				Base,
			);
			mainGroup = 185CB1EF23C78CE6009F7571;
			productRefGroup = 185CB1F923C78CE6009F7571 /* Products */;
			projectDirPath = "";
			projectRoot = "";
			targets = (
				185CB1F723C78CE6009F7571 /* Grimm */,
			);
		};
/* End PBXProject section */

/* Begin PBXResourcesBuildPhase section */
		185CB1F623C78CE6009F7571 /* Resources */ = {
			isa = PBXResourcesBuildPhase;
			buildActionMask = 2147483647;
			files = (
				E13ED5E8251D498E008D6642 /* The Miser In The Bush.grm in Resources */,
				E13ED5E5251D498E008D6642 /* Lily and The Lion.grm in Resources */,
				E13ED5D2251D498E008D6642 /* Old Sultan.grm in Resources */,
				E13ED5DE251D498E008D6642 /* Rapunzel.grm in Resources */,
				E13ED5D0251D498E008D6642 /* Briar Rose.grm in Resources */,
				E13ED5E4251D498E008D6642 /* The Raven.grm in Resources */,
				E13ED5E7251D498E008D6642 /* The White Snake.grm in Resources */,
				E13ED5D1251D498E008D6642 /* The Four Clever Brothers.grm in Resources */,
				E13ED5D9251D498E008D6642 /* King Grisly-Beard.grm in Resources */,
				E13ED5D3251D498E008D6642 /* The Willow Wren and The Bear.grm in Resources */,
				E13ED5CF251D498E008D6642 /* The Water of Life.grm in Resources */,
				E13ED5D5251D498E008D6642 /* The Three Languages.grm in Resources */,
				E13ED5E3251D498E008D6642 /* Iron Hans.grm in Resources */,
				E13ED5BE251D498E008D6642 /* OpenSans-Semibold.ttf in Resources */,
				E13ED5DB251D498E008D6642 /* Tom Thumb.grm in Resources */,
				E13ED5C4251D498E008D6642 /* NotoSans-Regular.ttf in Resources */,
				E13ED5E2251D498E008D6642 /* The Travelling Musicians.grm in Resources */,
				E13ED5C5251D498E008D6642 /* NotoSans-Bold.ttf in Resources */,
				E13ED5CE251D498E008D6642 /* Doctor Knowall.grm in Resources */,
				E13ED5EA251D498E008D6642 /* The Little Peasant.grm in Resources */,
				E13ED5E0251D498E008D6642 /* Fundevogel.grm in Resources */,
				E13ED5EC251D498E008D6642 /* The Mouse, The Bird, and The Sausage.grm in Resources */,
				180DC61523C78D9800486B1A /* LaunchScreen.storyboard in Resources */,
				E13ED5E1251D498E008D6642 /* The Fox and The Horse.grm in Resources */,
				E13ED5BF251D498E008D6642 /* Apache License.txt in Resources */,
				E13ED5D6251D498E008D6642 /* The Juniper Tree.grm in Resources */,
				185CB20523C78CE8009F7571 /* Assets.xcassets in Resources */,
				E13ED5C9251D498E008D6642 /* PTS75F.ttf in Resources */,
				E13ED5C0251D498E008D6642 /* OpenSans-Regular.ttf in Resources */,
				E13ED5D4251D498E008D6642 /* Snow White and Rose Red.grm in Resources */,
				E13ED5C2251D498E008D6642 /* SourceSansPro-Regular.otf in Resources */,
				E13ED5CC251D498E008D6642 /* FiraSans-SemiBold.otf in Resources */,
				E13ED5D8251D498E008D6642 /* The Golden Goose.grm in Resources */,
				E13ED5EF251D498E008D6642 /* The Blue Light.grm in Resources */,
				E13ED5EE251D498E008D6642 /* The Pink.grm in Resources */,
				E13ED5E9251D498E008D6642 /* The Adventures of Chanticleer and Partlet.grm in Resources */,
				E13ED5CB251D498E008D6642 /* FiraSans-Regular.otf in Resources */,
				E13ED5D7251D498E008D6642 /* Jorinda And Jorindel.grm in Resources */,
				E13ED5CA251D498E008D6642 /* SIL Open Font License.txt in Resources */,
				E13ED5DA251D498E008D6642 /* Hansel and Gretel.grm in Resources */,
				E13ED5C7251D498E008D6642 /* PTS55F.ttf in Resources */,
				E13ED5EB251D498E008D6642 /* The Robber Bridegroom.grm in Resources */,
				E13ED5C8251D498E008D6642 /* Paratype PT Sans Free Font License.txt in Resources */,
				E13ED5DF251D498E008D6642 /* The Wolf and The Seven Little Kids.grm in Resources */,
				E13ED5CD251D498E008D6642 /* The Goose Girl.grm in Resources */,
				E13ED5C3251D498E008D6642 /* SourceSansPro-Semibold.otf in Resources */,
				E13ED5ED251D498E008D6642 /* Clever Hans.grm in Resources */,
				E13ED5E6251D498E008D6642 /* Frederick and Catherine.grm in Resources */,
				E13ED5DC251D498E008D6642 /* Hans In Luck.grm in Resources */,
				185CB20323C78CE6009F7571 /* Main.storyboard in Resources */,
				E13ED5DD251D498E008D6642 /* The Dog and The Sparrow.grm in Resources */,
			);
			runOnlyForDeploymentPostprocessing = 0;
		};
/* End PBXResourcesBuildPhase section */

/* Begin PBXShellScriptBuildPhase section */
		181FE31E248EA70400A180EA /* SwiftLint */ = {
			isa = PBXShellScriptBuildPhase;
			buildActionMask = 2147483647;
			files = (
			);
			inputFileListPaths = (
			);
			inputPaths = (
			);
			name = SwiftLint;
			outputFileListPaths = (
			);
			outputPaths = (
			);
			runOnlyForDeploymentPostprocessing = 0;
			shellPath = /bin/sh;
			shellScript = "if [ -f ~/com.raywenderlich.swiftlint.yml ]; then\n  if which swiftlint >/dev/null; then\n    swiftlint --no-cache --config ~/com.raywenderlich.swiftlint.yml\n  fi\nfi\n";
		};
/* End PBXShellScriptBuildPhase section */

/* Begin PBXSourcesBuildPhase section */
		185CB1F423C78CE6009F7571 /* Sources */ = {
			isa = PBXSourcesBuildPhase;
			buildActionMask = 2147483647;
			files = (
				E13ED575251D48B8008D6642 /* ThemedNavigationController.swift in Sources */,
				E13ED5F8251D49CE008D6642 /* Font.swift in Sources */,
				E13ED572251D489F008D6642 /* StoryViewController.swift in Sources */,
				E13ED5FB251D49D6008D6642 /* ReadingMode.swift in Sources */,
				E13ED56F251D488E008D6642 /* StoryListViewController.swift in Sources */,
				E13ED5FE251D49E4008D6642 /* TitleAlignment.swift in Sources */,
				E13ED579251D48E2008D6642 /* StoryCell.swift in Sources */,
				E13ED601251D49F5008D6642 /* Story.swift in Sources */,
				E13ED56B251D4879008D6642 /* OptionsViewController.swift in Sources */,
				185CB1FC23C78CE6009F7571 /* AppDelegate.swift in Sources */,
				E13ED57D251D48F8008D6642 /* StoryView.swift in Sources */,
				E13ED5F4251D49C4008D6642 /* Theme.swift in Sources */,
				E13ED581251D4917008D6642 /* UIColor+Extensions.swift in Sources */,
				185CB1FE23C78CE6009F7571 /* SceneDelegate.swift in Sources */,
			);
			runOnlyForDeploymentPostprocessing = 0;
		};
/* End PBXSourcesBuildPhase section */

/* Begin PBXVariantGroup section */
		185CB20123C78CE6009F7571 /* Main.storyboard */ = {
			isa = PBXVariantGroup;
			children = (
				185CB20223C78CE6009F7571 /* Base */,
			);
			name = Main.storyboard;
			sourceTree = "<group>";
		};
/* End PBXVariantGroup section */

/* Begin XCBuildConfiguration section */
		185CB20A23C78CE8009F7571 /* Debug */ = {
			isa = XCBuildConfiguration;
			buildSettings = {
				ALWAYS_SEARCH_USER_PATHS = NO;
				CLANG_ANALYZER_NONNULL = YES;
				CLANG_ANALYZER_NUMBER_OBJECT_CONVERSION = YES_AGGRESSIVE;
				CLANG_CXX_LANGUAGE_STANDARD = "gnu++14";
				CLANG_CXX_LIBRARY = "libc++";
				CLANG_ENABLE_MODULES = YES;
				CLANG_ENABLE_OBJC_ARC = YES;
				CLANG_ENABLE_OBJC_WEAK = YES;
				CLANG_WARN_BLOCK_CAPTURE_AUTORELEASING = YES;
				CLANG_WARN_BOOL_CONVERSION = YES;
				CLANG_WARN_COMMA = YES;
				CLANG_WARN_CONSTANT_CONVERSION = YES;
				CLANG_WARN_DEPRECATED_OBJC_IMPLEMENTATIONS = YES;
				CLANG_WARN_DIRECT_OBJC_ISA_USAGE = YES_ERROR;
				CLANG_WARN_DOCUMENTATION_COMMENTS = YES;
				CLANG_WARN_EMPTY_BODY = YES;
				CLANG_WARN_ENUM_CONVERSION = YES;
				CLANG_WARN_INFINITE_RECURSION = YES;
				CLANG_WARN_INT_CONVERSION = YES;
				CLANG_WARN_NON_LITERAL_NULL_CONVERSION = YES;
				CLANG_WARN_OBJC_IMPLICIT_RETAIN_SELF = YES;
				CLANG_WARN_OBJC_LITERAL_CONVERSION = YES;
				CLANG_WARN_OBJC_ROOT_CLASS = YES_ERROR;
				CLANG_WARN_QUOTED_INCLUDE_IN_FRAMEWORK_HEADER = YES;
				CLANG_WARN_RANGE_LOOP_ANALYSIS = YES;
				CLANG_WARN_STRICT_PROTOTYPES = YES;
				CLANG_WARN_SUSPICIOUS_MOVE = YES;
				CLANG_WARN_UNGUARDED_AVAILABILITY = YES_AGGRESSIVE;
				CLANG_WARN_UNREACHABLE_CODE = YES;
				CLANG_WARN__DUPLICATE_METHOD_MATCH = YES;
				COPY_PHASE_STRIP = NO;
				DEBUG_INFORMATION_FORMAT = dwarf;
				ENABLE_STRICT_OBJC_MSGSEND = YES;
				ENABLE_TESTABILITY = YES;
				GCC_C_LANGUAGE_STANDARD = gnu11;
				GCC_DYNAMIC_NO_PIC = NO;
				GCC_NO_COMMON_BLOCKS = YES;
				GCC_OPTIMIZATION_LEVEL = 0;
				GCC_PREPROCESSOR_DEFINITIONS = (
					"DEBUG=1",
					"$(inherited)",
				);
				GCC_WARN_64_TO_32_BIT_CONVERSION = YES;
				GCC_WARN_ABOUT_RETURN_TYPE = YES_ERROR;
				GCC_WARN_UNDECLARED_SELECTOR = YES;
				GCC_WARN_UNINITIALIZED_AUTOS = YES_AGGRESSIVE;
				GCC_WARN_UNUSED_FUNCTION = YES;
				GCC_WARN_UNUSED_VARIABLE = YES;
				IPHONEOS_DEPLOYMENT_TARGET = 14.0;
				MTL_ENABLE_DEBUG_INFO = INCLUDE_SOURCE;
				MTL_FAST_MATH = YES;
				ONLY_ACTIVE_ARCH = YES;
				SDKROOT = iphoneos;
				SWIFT_ACTIVE_COMPILATION_CONDITIONS = DEBUG;
				SWIFT_OPTIMIZATION_LEVEL = "-Onone";
			};
			name = Debug;
		};
		185CB20B23C78CE8009F7571 /* Release */ = {
			isa = XCBuildConfiguration;
			buildSettings = {
				ALWAYS_SEARCH_USER_PATHS = NO;
				CLANG_ANALYZER_NONNULL = YES;
				CLANG_ANALYZER_NUMBER_OBJECT_CONVERSION = YES_AGGRESSIVE;
				CLANG_CXX_LANGUAGE_STANDARD = "gnu++14";
				CLANG_CXX_LIBRARY = "libc++";
				CLANG_ENABLE_MODULES = YES;
				CLANG_ENABLE_OBJC_ARC = YES;
				CLANG_ENABLE_OBJC_WEAK = YES;
				CLANG_WARN_BLOCK_CAPTURE_AUTORELEASING = YES;
				CLANG_WARN_BOOL_CONVERSION = YES;
				CLANG_WARN_COMMA = YES;
				CLANG_WARN_CONSTANT_CONVERSION = YES;
				CLANG_WARN_DEPRECATED_OBJC_IMPLEMENTATIONS = YES;
				CLANG_WARN_DIRECT_OBJC_ISA_USAGE = YES_ERROR;
				CLANG_WARN_DOCUMENTATION_COMMENTS = YES;
				CLANG_WARN_EMPTY_BODY = YES;
				CLANG_WARN_ENUM_CONVERSION = YES;
				CLANG_WARN_INFINITE_RECURSION = YES;
				CLANG_WARN_INT_CONVERSION = YES;
				CLANG_WARN_NON_LITERAL_NULL_CONVERSION = YES;
				CLANG_WARN_OBJC_IMPLICIT_RETAIN_SELF = YES;
				CLANG_WARN_OBJC_LITERAL_CONVERSION = YES;
				CLANG_WARN_OBJC_ROOT_CLASS = YES_ERROR;
				CLANG_WARN_QUOTED_INCLUDE_IN_FRAMEWORK_HEADER = YES;
				CLANG_WARN_RANGE_LOOP_ANALYSIS = YES;
				CLANG_WARN_STRICT_PROTOTYPES = YES;
				CLANG_WARN_SUSPICIOUS_MOVE = YES;
				CLANG_WARN_UNGUARDED_AVAILABILITY = YES_AGGRESSIVE;
				CLANG_WARN_UNREACHABLE_CODE = YES;
				CLANG_WARN__DUPLICATE_METHOD_MATCH = YES;
				COPY_PHASE_STRIP = NO;
				DEBUG_INFORMATION_FORMAT = "dwarf-with-dsym";
				ENABLE_NS_ASSERTIONS = NO;
				ENABLE_STRICT_OBJC_MSGSEND = YES;
				GCC_C_LANGUAGE_STANDARD = gnu11;
				GCC_NO_COMMON_BLOCKS = YES;
				GCC_WARN_64_TO_32_BIT_CONVERSION = YES;
				GCC_WARN_ABOUT_RETURN_TYPE = YES_ERROR;
				GCC_WARN_UNDECLARED_SELECTOR = YES;
				GCC_WARN_UNINITIALIZED_AUTOS = YES_AGGRESSIVE;
				GCC_WARN_UNUSED_FUNCTION = YES;
				GCC_WARN_UNUSED_VARIABLE = YES;
				IPHONEOS_DEPLOYMENT_TARGET = 14.0;
				MTL_ENABLE_DEBUG_INFO = NO;
				MTL_FAST_MATH = YES;
				SDKROOT = iphoneos;
				SWIFT_COMPILATION_MODE = wholemodule;
				SWIFT_OPTIMIZATION_LEVEL = "-O";
				VALIDATE_PRODUCT = YES;
			};
			name = Release;
		};
		185CB20D23C78CE8009F7571 /* Debug */ = {
			isa = XCBuildConfiguration;
			buildSettings = {
				ASSETCATALOG_COMPILER_APPICON_NAME = AppIcon;
				CODE_SIGN_STYLE = Automatic;
				INFOPLIST_FILE = Grimm/Info.plist;
				LD_RUNPATH_SEARCH_PATHS = (
					"$(inherited)",
					"@executable_path/Frameworks",
				);
				PRODUCT_BUNDLE_IDENTIFIER = com.raywenderlich.Grimm;
				PRODUCT_NAME = "$(TARGET_NAME)";
				SWIFT_VERSION = 5.0;
				TARGETED_DEVICE_FAMILY = "1,2";
			};
			name = Debug;
		};
		185CB20E23C78CE8009F7571 /* Release */ = {
			isa = XCBuildConfiguration;
			buildSettings = {
				ASSETCATALOG_COMPILER_APPICON_NAME = AppIcon;
				CODE_SIGN_STYLE = Automatic;
				INFOPLIST_FILE = Grimm/Info.plist;
				LD_RUNPATH_SEARCH_PATHS = (
					"$(inherited)",
					"@executable_path/Frameworks",
				);
				PRODUCT_BUNDLE_IDENTIFIER = com.raywenderlich.Grimm;
				PRODUCT_NAME = "$(TARGET_NAME)";
				SWIFT_VERSION = 5.0;
				TARGETED_DEVICE_FAMILY = "1,2";
			};
			name = Release;
		};
/* End XCBuildConfiguration section */

/* Begin XCConfigurationList section */
		185CB1F323C78CE6009F7571 /* Build configuration list for PBXProject "Grimm" */ = {
			isa = XCConfigurationList;
			buildConfigurations = (
				185CB20A23C78CE8009F7571 /* Debug */,
				185CB20B23C78CE8009F7571 /* Release */,
			);
			defaultConfigurationIsVisible = 0;
			defaultConfigurationName = Release;
		};
		185CB20C23C78CE8009F7571 /* Build configuration list for PBXNativeTarget "Grimm" */ = {
			isa = XCConfigurationList;
			buildConfigurations = (
				185CB20D23C78CE8009F7571 /* Debug */,
				185CB20E23C78CE8009F7571 /* Release */,
			);
			defaultConfigurationIsVisible = 0;
			defaultConfigurationName = Release;
		};
/* End XCConfigurationList section */
	};
	rootObject = 185CB1F023C78CE6009F7571 /* Project object */;
}
